// !$*UTF8*$!
{
	archiveVersion = 1;
	classes = {
	};
	objectVersion = 56;
	objects = {

/* Begin PBXBuildFile section */
		EC2757E82B5611C20078C1AA /* AppDelegate.swift in Sources */ = {isa = PBXBuildFile; fileRef = EC2757E72B5611C20078C1AA /* AppDelegate.swift */; };
		EC2757EA2B5611C20078C1AA /* SceneDelegate.swift in Sources */ = {isa = PBXBuildFile; fileRef = EC2757E92B5611C20078C1AA /* SceneDelegate.swift */; };
		EC2757EC2B5611C20078C1AA /* ViewController.swift in Sources */ = {isa = PBXBuildFile; fileRef = EC2757EB2B5611C20078C1AA /* ViewController.swift */; };
		EC2757EF2B5611C20078C1AA /* Main.storyboard in Resources */ = {isa = PBXBuildFile; fileRef = EC2757ED2B5611C20078C1AA /* Main.storyboard */; };
		EC2757F12B5611C40078C1AA /* Assets.xcassets in Resources */ = {isa = PBXBuildFile; fileRef = EC2757F02B5611C40078C1AA /* Assets.xcassets */; };
		EC2757F42B5611C40078C1AA /* LaunchScreen.storyboard in Resources */ = {isa = PBXBuildFile; fileRef = EC2757F22B5611C40078C1AA /* LaunchScreen.storyboard */; };
		EC2757FD2B56120C0078C1AA /* Alamofire in Frameworks */ = {isa = PBXBuildFile; productRef = EC2757FC2B56120C0078C1AA /* Alamofire */; };
		EC2758002B56127E0078C1AA /* LottoViewController.swift in Sources */ = {isa = PBXBuildFile; fileRef = EC2757FF2B56127E0078C1AA /* LottoViewController.swift */; };
		EC2758032B56218E0078C1AA /* MarketViewController.swift in Sources */ = {isa = PBXBuildFile; fileRef = EC2758022B56218E0078C1AA /* MarketViewController.swift */; };
		EC2758052B564AAC0078C1AA /* MarketTableViewCell.swift in Sources */ = {isa = PBXBuildFile; fileRef = EC2758042B564AAC0078C1AA /* MarketTableViewCell.swift */; };
		EC2758072B56577D0078C1AA /* LottoAPIManager.swift in Sources */ = {isa = PBXBuildFile; fileRef = EC2758062B56577D0078C1AA /* LottoAPIManager.swift */; };
		EC2758692B576CB80078C1AA /* .gitignore in Resources */ = {isa = PBXBuildFile; fileRef = EC2758682B576CB80078C1AA /* .gitignore */; };
		EC27586B2B576D370078C1AA /* APIKey.swift in Sources */ = {isa = PBXBuildFile; fileRef = EC27586A2B576D370078C1AA /* APIKey.swift */; };
		EC27586E2B5778980078C1AA /* BookViewController.swift in Sources */ = {isa = PBXBuildFile; fileRef = EC27586D2B5778980078C1AA /* BookViewController.swift */; };
		EC6DF0722B57C6C400F7649A /* Translate.storyboard in Resources */ = {isa = PBXBuildFile; fileRef = EC6DF0712B57C6C300F7649A /* Translate.storyboard */; };
		EC6DF0742B57C6EE00F7649A /* Lotto.storyboard in Resources */ = {isa = PBXBuildFile; fileRef = EC6DF0732B57C6EE00F7649A /* Lotto.storyboard */; };
		EC6DF0762B57C70F00F7649A /* Market.storyboard in Resources */ = {isa = PBXBuildFile; fileRef = EC6DF0752B57C70F00F7649A /* Market.storyboard */; };
		EC6DF0782B57C73100F7649A /* Book.storyboard in Resources */ = {isa = PBXBuildFile; fileRef = EC6DF0772B57C73100F7649A /* Book.storyboard */; };
		EC6DF07A2B57C75A00F7649A /* TranslateViewController.swift in Sources */ = {isa = PBXBuildFile; fileRef = EC6DF0792B57C75A00F7649A /* TranslateViewController.swift */; };
		EC6DF07D2B57D2B700F7649A /* Language.storyboard in Resources */ = {isa = PBXBuildFile; fileRef = EC6DF07C2B57D2B700F7649A /* Language.storyboard */; };
		EC6DF07F2B57D2CB00F7649A /* LanguageViewController.swift in Sources */ = {isa = PBXBuildFile; fileRef = EC6DF07E2B57D2CB00F7649A /* LanguageViewController.swift */; };
		EC6DF0812B57D32800F7649A /* TranslateManager.swift in Sources */ = {isa = PBXBuildFile; fileRef = EC6DF0802B57D32800F7649A /* TranslateManager.swift */; };
		EC6DF0842B57D4C400F7649A /* LanguageTableViewCell.swift in Sources */ = {isa = PBXBuildFile; fileRef = EC6DF0822B57D4C400F7649A /* LanguageTableViewCell.swift */; };
		EC6DF0852B57D4C400F7649A /* LanguageTableViewCell.xib in Resources */ = {isa = PBXBuildFile; fileRef = EC6DF0832B57D4C400F7649A /* LanguageTableViewCell.xib */; };
/* End PBXBuildFile section */

/* Begin PBXFileReference section */
		EC2757E42B5611C20078C1AA /* Study240116.app */ = {isa = PBXFileReference; explicitFileType = wrapper.application; includeInIndex = 0; path = Study240116.app; sourceTree = BUILT_PRODUCTS_DIR; };
		EC2757E72B5611C20078C1AA /* AppDelegate.swift */ = {isa = PBXFileReference; lastKnownFileType = sourcecode.swift; path = AppDelegate.swift; sourceTree = "<group>"; };
		EC2757E92B5611C20078C1AA /* SceneDelegate.swift */ = {isa = PBXFileReference; lastKnownFileType = sourcecode.swift; path = SceneDelegate.swift; sourceTree = "<group>"; };
		EC2757EB2B5611C20078C1AA /* ViewController.swift */ = {isa = PBXFileReference; lastKnownFileType = sourcecode.swift; path = ViewController.swift; sourceTree = "<group>"; };
		EC2757EE2B5611C20078C1AA /* Base */ = {isa = PBXFileReference; lastKnownFileType = file.storyboard; name = Base; path = Base.lproj/Main.storyboard; sourceTree = "<group>"; };
		EC2757F02B5611C40078C1AA /* Assets.xcassets */ = {isa = PBXFileReference; lastKnownFileType = folder.assetcatalog; path = Assets.xcassets; sourceTree = "<group>"; };
		EC2757F32B5611C40078C1AA /* Base */ = {isa = PBXFileReference; lastKnownFileType = file.storyboard; name = Base; path = Base.lproj/LaunchScreen.storyboard; sourceTree = "<group>"; };
		EC2757F52B5611C40078C1AA /* Info.plist */ = {isa = PBXFileReference; lastKnownFileType = text.plist.xml; path = Info.plist; sourceTree = "<group>"; };
		EC2757FF2B56127E0078C1AA /* LottoViewController.swift */ = {isa = PBXFileReference; lastKnownFileType = sourcecode.swift; path = LottoViewController.swift; sourceTree = "<group>"; };
		EC2758022B56218E0078C1AA /* MarketViewController.swift */ = {isa = PBXFileReference; lastKnownFileType = sourcecode.swift; path = MarketViewController.swift; sourceTree = "<group>"; };
		EC2758042B564AAC0078C1AA /* MarketTableViewCell.swift */ = {isa = PBXFileReference; lastKnownFileType = sourcecode.swift; path = MarketTableViewCell.swift; sourceTree = "<group>"; };
		EC2758062B56577D0078C1AA /* LottoAPIManager.swift */ = {isa = PBXFileReference; lastKnownFileType = sourcecode.swift; path = LottoAPIManager.swift; sourceTree = "<group>"; };
		EC2758682B576CB80078C1AA /* .gitignore */ = {isa = PBXFileReference; lastKnownFileType = text; path = .gitignore; sourceTree = "<group>"; };
		EC27586A2B576D370078C1AA /* APIKey.swift */ = {isa = PBXFileReference; lastKnownFileType = sourcecode.swift; path = APIKey.swift; sourceTree = "<group>"; };
		EC27586D2B5778980078C1AA /* BookViewController.swift */ = {isa = PBXFileReference; lastKnownFileType = sourcecode.swift; path = BookViewController.swift; sourceTree = "<group>"; };
		EC6DF0712B57C6C300F7649A /* Translate.storyboard */ = {isa = PBXFileReference; lastKnownFileType = file.storyboard; path = Translate.storyboard; sourceTree = "<group>"; };
		EC6DF0732B57C6EE00F7649A /* Lotto.storyboard */ = {isa = PBXFileReference; lastKnownFileType = file.storyboard; path = Lotto.storyboard; sourceTree = "<group>"; };
		EC6DF0752B57C70F00F7649A /* Market.storyboard */ = {isa = PBXFileReference; lastKnownFileType = file.storyboard; path = Market.storyboard; sourceTree = "<group>"; };
		EC6DF0772B57C73100F7649A /* Book.storyboard */ = {isa = PBXFileReference; lastKnownFileType = file.storyboard; path = Book.storyboard; sourceTree = "<group>"; };
		EC6DF0792B57C75A00F7649A /* TranslateViewController.swift */ = {isa = PBXFileReference; lastKnownFileType = sourcecode.swift; path = TranslateViewController.swift; sourceTree = "<group>"; };
		EC6DF07C2B57D2B700F7649A /* Language.storyboard */ = {isa = PBXFileReference; lastKnownFileType = file.storyboard; path = Language.storyboard; sourceTree = "<group>"; };
		EC6DF07E2B57D2CB00F7649A /* LanguageViewController.swift */ = {isa = PBXFileReference; lastKnownFileType = sourcecode.swift; path = LanguageViewController.swift; sourceTree = "<group>"; };
		EC6DF0802B57D32800F7649A /* TranslateManager.swift */ = {isa = PBXFileReference; lastKnownFileType = sourcecode.swift; path = TranslateManager.swift; sourceTree = "<group>"; };
		EC6DF0822B57D4C400F7649A /* LanguageTableViewCell.swift */ = {isa = PBXFileReference; lastKnownFileType = sourcecode.swift; path = LanguageTableViewCell.swift; sourceTree = "<group>"; };
		EC6DF0832B57D4C400F7649A /* LanguageTableViewCell.xib */ = {isa = PBXFileReference; lastKnownFileType = file.xib; path = LanguageTableViewCell.xib; sourceTree = "<group>"; };
/* End PBXFileReference section */

/* Begin PBXFrameworksBuildPhase section */
		EC2757E12B5611C20078C1AA /* Frameworks */ = {
			isa = PBXFrameworksBuildPhase;
			buildActionMask = 2147483647;
			files = (
				EC2757FD2B56120C0078C1AA /* Alamofire in Frameworks */,
			);
			runOnlyForDeploymentPostprocessing = 0;
		};
/* End PBXFrameworksBuildPhase section */

/* Begin PBXGroup section */
		EC2757DB2B5611C10078C1AA = {
			isa = PBXGroup;
			children = (
				EC2758682B576CB80078C1AA /* .gitignore */,
				EC2757E62B5611C20078C1AA /* Study240116 */,
				EC2757E52B5611C20078C1AA /* Products */,
			);
			sourceTree = "<group>";
		};
		EC2757E52B5611C20078C1AA /* Products */ = {
			isa = PBXGroup;
			children = (
				EC2757E42B5611C20078C1AA /* Study240116.app */,
			);
			name = Products;
			sourceTree = "<group>";
		};
		EC2757E62B5611C20078C1AA /* Study240116 */ = {
			isa = PBXGroup;
			children = (
				EC6DF0702B57C5A900F7649A /* Translate */,
				EC27586C2B5778670078C1AA /* Book */,
				EC2758012B56217F0078C1AA /* Market */,
				EC2757FE2B56126E0078C1AA /* Lotto */,
				EC2757E72B5611C20078C1AA /* AppDelegate.swift */,
				EC2757E92B5611C20078C1AA /* SceneDelegate.swift */,
				EC2757EB2B5611C20078C1AA /* ViewController.swift */,
				EC2757ED2B5611C20078C1AA /* Main.storyboard */,
				EC2757F02B5611C40078C1AA /* Assets.xcassets */,
				EC2757F22B5611C40078C1AA /* LaunchScreen.storyboard */,
				EC2757F52B5611C40078C1AA /* Info.plist */,
				EC27586A2B576D370078C1AA /* APIKey.swift */,
			);
			path = Study240116;
			sourceTree = "<group>";
		};
		EC2757FE2B56126E0078C1AA /* Lotto */ = {
			isa = PBXGroup;
			children = (
				EC2757FF2B56127E0078C1AA /* LottoViewController.swift */,
				EC2758062B56577D0078C1AA /* LottoAPIManager.swift */,
				EC6DF0732B57C6EE00F7649A /* Lotto.storyboard */,
			);
			path = Lotto;
			sourceTree = "<group>";
		};
		EC2758012B56217F0078C1AA /* Market */ = {
			isa = PBXGroup;
			children = (
				EC2758022B56218E0078C1AA /* MarketViewController.swift */,
				EC2758042B564AAC0078C1AA /* MarketTableViewCell.swift */,
				EC6DF0752B57C70F00F7649A /* Market.storyboard */,
			);
			path = Market;
			sourceTree = "<group>";
		};
		EC27586C2B5778670078C1AA /* Book */ = {
			isa = PBXGroup;
			children = (
				EC27586D2B5778980078C1AA /* BookViewController.swift */,
				EC6DF0772B57C73100F7649A /* Book.storyboard */,
			);
			path = Book;
			sourceTree = "<group>";
		};
		EC6DF0702B57C5A900F7649A /* Translate */ = {
			isa = PBXGroup;
			children = (
				EC6DF07B2B57D2A500F7649A /* Language */,
				EC6DF0712B57C6C300F7649A /* Translate.storyboard */,
				EC6DF0792B57C75A00F7649A /* TranslateViewController.swift */,
				EC6DF0802B57D32800F7649A /* TranslateManager.swift */,
			);
			path = Translate;
			sourceTree = "<group>";
		};
		EC6DF07B2B57D2A500F7649A /* Language */ = {
			isa = PBXGroup;
			children = (
				EC6DF07C2B57D2B700F7649A /* Language.storyboard */,
				EC6DF07E2B57D2CB00F7649A /* LanguageViewController.swift */,
				EC6DF0822B57D4C400F7649A /* LanguageTableViewCell.swift */,
				EC6DF0832B57D4C400F7649A /* LanguageTableViewCell.xib */,
			);
			path = Language;
			sourceTree = "<group>";
		};
/* End PBXGroup section */

/* Begin PBXNativeTarget section */
		EC2757E32B5611C20078C1AA /* Study240116 */ = {
			isa = PBXNativeTarget;
			buildConfigurationList = EC2757F82B5611C40078C1AA /* Build configuration list for PBXNativeTarget "Study240116" */;
			buildPhases = (
				EC2757E02B5611C20078C1AA /* Sources */,
				EC2757E12B5611C20078C1AA /* Frameworks */,
				EC2757E22B5611C20078C1AA /* Resources */,
			);
			buildRules = (
			);
			dependencies = (
			);
			name = Study240116;
			packageProductDependencies = (
				EC2757FC2B56120C0078C1AA /* Alamofire */,
			);
			productName = Study240116;
			productReference = EC2757E42B5611C20078C1AA /* Study240116.app */;
			productType = "com.apple.product-type.application";
		};
/* End PBXNativeTarget section */

/* Begin PBXProject section */
		EC2757DC2B5611C10078C1AA /* Project object */ = {
			isa = PBXProject;
			attributes = {
				BuildIndependentTargetsInParallel = 1;
				LastSwiftUpdateCheck = 1510;
				LastUpgradeCheck = 1510;
				TargetAttributes = {
					EC2757E32B5611C20078C1AA = {
						CreatedOnToolsVersion = 15.1;
					};
				};
			};
			buildConfigurationList = EC2757DF2B5611C10078C1AA /* Build configuration list for PBXProject "Study240116" */;
			compatibilityVersion = "Xcode 14.0";
			developmentRegion = en;
			hasScannedForEncodings = 0;
			knownRegions = (
				en,
				Base,
			);
			mainGroup = EC2757DB2B5611C10078C1AA;
			packageReferences = (
				EC2757FB2B56120C0078C1AA /* XCRemoteSwiftPackageReference "Alamofire" */,
			);
			productRefGroup = EC2757E52B5611C20078C1AA /* Products */;
			projectDirPath = "";
			projectRoot = "";
			targets = (
				EC2757E32B5611C20078C1AA /* Study240116 */,
			);
		};
/* End PBXProject section */

/* Begin PBXResourcesBuildPhase section */
		EC2757E22B5611C20078C1AA /* Resources */ = {
			isa = PBXResourcesBuildPhase;
			buildActionMask = 2147483647;
			files = (
				EC6DF07D2B57D2B700F7649A /* Language.storyboard in Resources */,
				EC6DF0762B57C70F00F7649A /* Market.storyboard in Resources */,
				EC6DF0782B57C73100F7649A /* Book.storyboard in Resources */,
				EC6DF0852B57D4C400F7649A /* LanguageTableViewCell.xib in Resources */,
				EC2758692B576CB80078C1AA /* .gitignore in Resources */,
				EC6DF0742B57C6EE00F7649A /* Lotto.storyboard in Resources */,
				EC2757F42B5611C40078C1AA /* LaunchScreen.storyboard in Resources */,
				EC6DF0722B57C6C400F7649A /* Translate.storyboard in Resources */,
				EC2757F12B5611C40078C1AA /* Assets.xcassets in Resources */,
				EC2757EF2B5611C20078C1AA /* Main.storyboard in Resources */,
			);
			runOnlyForDeploymentPostprocessing = 0;
		};
/* End PBXResourcesBuildPhase section */

/* Begin PBXSourcesBuildPhase section */
		EC2757E02B5611C20078C1AA /* Sources */ = {
			isa = PBXSourcesBuildPhase;
			buildActionMask = 2147483647;
			files = (
				EC2757EC2B5611C20078C1AA /* ViewController.swift in Sources */,
				EC6DF07A2B57C75A00F7649A /* TranslateViewController.swift in Sources */,
				EC2758002B56127E0078C1AA /* LottoViewController.swift in Sources */,
				EC27586B2B576D370078C1AA /* APIKey.swift in Sources */,
				EC2758032B56218E0078C1AA /* MarketViewController.swift in Sources */,
				EC2757E82B5611C20078C1AA /* AppDelegate.swift in Sources */,
				EC6DF0842B57D4C400F7649A /* LanguageTableViewCell.swift in Sources */,
				EC2757EA2B5611C20078C1AA /* SceneDelegate.swift in Sources */,
				EC27586E2B5778980078C1AA /* BookViewController.swift in Sources */,
				EC6DF07F2B57D2CB00F7649A /* LanguageViewController.swift in Sources */,
				EC2758072B56577D0078C1AA /* LottoAPIManager.swift in Sources */,
				EC6DF0812B57D32800F7649A /* TranslateManager.swift in Sources */,
				EC2758052B564AAC0078C1AA /* MarketTableViewCell.swift in Sources */,
			);
			runOnlyForDeploymentPostprocessing = 0;
		};
/* End PBXSourcesBuildPhase section */

/* Begin PBXVariantGroup section */
		EC2757ED2B5611C20078C1AA /* Main.storyboard */ = {
			isa = PBXVariantGroup;
			children = (
				EC2757EE2B5611C20078C1AA /* Base */,
			);
			name = Main.storyboard;
			sourceTree = "<group>";
		};
		EC2757F22B5611C40078C1AA /* LaunchScreen.storyboard */ = {
			isa = PBXVariantGroup;
			children = (
				EC2757F32B5611C40078C1AA /* Base */,
			);
			name = LaunchScreen.storyboard;
			sourceTree = "<group>";
		};
/* End PBXVariantGroup section */

/* Begin XCBuildConfiguration section */
		EC2757F62B5611C40078C1AA /* Debug */ = {
			isa = XCBuildConfiguration;
			buildSettings = {
				ALWAYS_SEARCH_USER_PATHS = NO;
				ASSETCATALOG_COMPILER_GENERATE_SWIFT_ASSET_SYMBOL_EXTENSIONS = YES;
				CLANG_ANALYZER_NONNULL = YES;
				CLANG_ANALYZER_NUMBER_OBJECT_CONVERSION = YES_AGGRESSIVE;
				CLANG_CXX_LANGUAGE_STANDARD = "gnu++20";
				CLANG_ENABLE_MODULES = YES;
				CLANG_ENABLE_OBJC_ARC = YES;
				CLANG_ENABLE_OBJC_WEAK = YES;
				CLANG_WARN_BLOCK_CAPTURE_AUTORELEASING = YES;
				CLANG_WARN_BOOL_CONVERSION = YES;
				CLANG_WARN_COMMA = YES;
				CLANG_WARN_CONSTANT_CONVERSION = YES;
				CLANG_WARN_DEPRECATED_OBJC_IMPLEMENTATIONS = YES;
				CLANG_WARN_DIRECT_OBJC_ISA_USAGE = YES_ERROR;
				CLANG_WARN_DOCUMENTATION_COMMENTS = YES;
				CLANG_WARN_EMPTY_BODY = YES;
				CLANG_WARN_ENUM_CONVERSION = YES;
				CLANG_WARN_INFINITE_RECURSION = YES;
				CLANG_WARN_INT_CONVERSION = YES;
				CLANG_WARN_NON_LITERAL_NULL_CONVERSION = YES;
				CLANG_WARN_OBJC_IMPLICIT_RETAIN_SELF = YES;
				CLANG_WARN_OBJC_LITERAL_CONVERSION = YES;
				CLANG_WARN_OBJC_ROOT_CLASS = YES_ERROR;
				CLANG_WARN_QUOTED_INCLUDE_IN_FRAMEWORK_HEADER = YES;
				CLANG_WARN_RANGE_LOOP_ANALYSIS = YES;
				CLANG_WARN_STRICT_PROTOTYPES = YES;
				CLANG_WARN_SUSPICIOUS_MOVE = YES;
				CLANG_WARN_UNGUARDED_AVAILABILITY = YES_AGGRESSIVE;
				CLANG_WARN_UNREACHABLE_CODE = YES;
				CLANG_WARN__DUPLICATE_METHOD_MATCH = YES;
				COPY_PHASE_STRIP = NO;
				DEBUG_INFORMATION_FORMAT = dwarf;
				ENABLE_STRICT_OBJC_MSGSEND = YES;
				ENABLE_TESTABILITY = YES;
				ENABLE_USER_SCRIPT_SANDBOXING = YES;
				GCC_C_LANGUAGE_STANDARD = gnu17;
				GCC_DYNAMIC_NO_PIC = NO;
				GCC_NO_COMMON_BLOCKS = YES;
				GCC_OPTIMIZATION_LEVEL = 0;
				GCC_PREPROCESSOR_DEFINITIONS = (
					"DEBUG=1",
					"$(inherited)",
				);
				GCC_WARN_64_TO_32_BIT_CONVERSION = YES;
				GCC_WARN_ABOUT_RETURN_TYPE = YES_ERROR;
				GCC_WARN_UNDECLARED_SELECTOR = YES;
				GCC_WARN_UNINITIALIZED_AUTOS = YES_AGGRESSIVE;
				GCC_WARN_UNUSED_FUNCTION = YES;
				GCC_WARN_UNUSED_VARIABLE = YES;
				IPHONEOS_DEPLOYMENT_TARGET = 17.2;
				LOCALIZATION_PREFERS_STRING_CATALOGS = YES;
				MTL_ENABLE_DEBUG_INFO = INCLUDE_SOURCE;
				MTL_FAST_MATH = YES;
				ONLY_ACTIVE_ARCH = YES;
				SDKROOT = iphoneos;
				SWIFT_ACTIVE_COMPILATION_CONDITIONS = "DEBUG $(inherited)";
				SWIFT_OPTIMIZATION_LEVEL = "-Onone";
			};
			name = Debug;
		};
		EC2757F72B5611C40078C1AA /* Release */ = {
			isa = XCBuildConfiguration;
			buildSettings = {
				ALWAYS_SEARCH_USER_PATHS = NO;
				ASSETCATALOG_COMPILER_GENERATE_SWIFT_ASSET_SYMBOL_EXTENSIONS = YES;
				CLANG_ANALYZER_NONNULL = YES;
				CLANG_ANALYZER_NUMBER_OBJECT_CONVERSION = YES_AGGRESSIVE;
				CLANG_CXX_LANGUAGE_STANDARD = "gnu++20";
				CLANG_ENABLE_MODULES = YES;
				CLANG_ENABLE_OBJC_ARC = YES;
				CLANG_ENABLE_OBJC_WEAK = YES;
				CLANG_WARN_BLOCK_CAPTURE_AUTORELEASING = YES;
				CLANG_WARN_BOOL_CONVERSION = YES;
				CLANG_WARN_COMMA = YES;
				CLANG_WARN_CONSTANT_CONVERSION = YES;
				CLANG_WARN_DEPRECATED_OBJC_IMPLEMENTATIONS = YES;
				CLANG_WARN_DIRECT_OBJC_ISA_USAGE = YES_ERROR;
				CLANG_WARN_DOCUMENTATION_COMMENTS = YES;
				CLANG_WARN_EMPTY_BODY = YES;
				CLANG_WARN_ENUM_CONVERSION = YES;
				CLANG_WARN_INFINITE_RECURSION = YES;
				CLANG_WARN_INT_CONVERSION = YES;
				CLANG_WARN_NON_LITERAL_NULL_CONVERSION = YES;
				CLANG_WARN_OBJC_IMPLICIT_RETAIN_SELF = YES;
				CLANG_WARN_OBJC_LITERAL_CONVERSION = YES;
				CLANG_WARN_OBJC_ROOT_CLASS = YES_ERROR;
				CLANG_WARN_QUOTED_INCLUDE_IN_FRAMEWORK_HEADER = YES;
				CLANG_WARN_RANGE_LOOP_ANALYSIS = YES;
				CLANG_WARN_STRICT_PROTOTYPES = YES;
				CLANG_WARN_SUSPICIOUS_MOVE = YES;
				CLANG_WARN_UNGUARDED_AVAILABILITY = YES_AGGRESSIVE;
				CLANG_WARN_UNREACHABLE_CODE = YES;
				CLANG_WARN__DUPLICATE_METHOD_MATCH = YES;
				COPY_PHASE_STRIP = NO;
				DEBUG_INFORMATION_FORMAT = "dwarf-with-dsym";
				ENABLE_NS_ASSERTIONS = NO;
				ENABLE_STRICT_OBJC_MSGSEND = YES;
				ENABLE_USER_SCRIPT_SANDBOXING = YES;
				GCC_C_LANGUAGE_STANDARD = gnu17;
				GCC_NO_COMMON_BLOCKS = YES;
				GCC_WARN_64_TO_32_BIT_CONVERSION = YES;
				GCC_WARN_ABOUT_RETURN_TYPE = YES_ERROR;
				GCC_WARN_UNDECLARED_SELECTOR = YES;
				GCC_WARN_UNINITIALIZED_AUTOS = YES_AGGRESSIVE;
				GCC_WARN_UNUSED_FUNCTION = YES;
				GCC_WARN_UNUSED_VARIABLE = YES;
				IPHONEOS_DEPLOYMENT_TARGET = 17.2;
				LOCALIZATION_PREFERS_STRING_CATALOGS = YES;
				MTL_ENABLE_DEBUG_INFO = NO;
				MTL_FAST_MATH = YES;
				SDKROOT = iphoneos;
				SWIFT_COMPILATION_MODE = wholemodule;
				VALIDATE_PRODUCT = YES;
			};
			name = Release;
		};
		EC2757F92B5611C40078C1AA /* Debug */ = {
			isa = XCBuildConfiguration;
			buildSettings = {
				ASSETCATALOG_COMPILER_APPICON_NAME = AppIcon;
				ASSETCATALOG_COMPILER_GLOBAL_ACCENT_COLOR_NAME = AccentColor;
				CODE_SIGN_STYLE = Automatic;
				CURRENT_PROJECT_VERSION = 1;
				GENERATE_INFOPLIST_FILE = YES;
				INFOPLIST_FILE = Study240116/Info.plist;
				INFOPLIST_KEY_UIApplicationSupportsIndirectInputEvents = YES;
				INFOPLIST_KEY_UILaunchStoryboardName = LaunchScreen;
				INFOPLIST_KEY_UIMainStoryboardFile = Main;
				INFOPLIST_KEY_UISupportedInterfaceOrientations_iPad = "UIInterfaceOrientationPortrait UIInterfaceOrientationPortraitUpsideDown UIInterfaceOrientationLandscapeLeft UIInterfaceOrientationLandscapeRight";
				INFOPLIST_KEY_UISupportedInterfaceOrientations_iPhone = "UIInterfaceOrientationPortrait UIInterfaceOrientationLandscapeLeft UIInterfaceOrientationLandscapeRight";
				LD_RUNPATH_SEARCH_PATHS = (
					"$(inherited)",
					"@executable_path/Frameworks",
				);
				MARKETING_VERSION = 1.0;
				PRODUCT_BUNDLE_IDENTIFIER = com.ssrr.Study240116;
				PRODUCT_NAME = "$(TARGET_NAME)";
				SUPPORTED_PLATFORMS = "iphoneos iphonesimulator";
				SUPPORTS_MACCATALYST = NO;
				SUPPORTS_MAC_DESIGNED_FOR_IPHONE_IPAD = NO;
				SWIFT_EMIT_LOC_STRINGS = YES;
				SWIFT_VERSION = 5.0;
				TARGETED_DEVICE_FAMILY = 1;
			};
			name = Debug;
		};
		EC2757FA2B5611C40078C1AA /* Release */ = {
			isa = XCBuildConfiguration;
			buildSettings = {
				ASSETCATALOG_COMPILER_APPICON_NAME = AppIcon;
				ASSETCATALOG_COMPILER_GLOBAL_ACCENT_COLOR_NAME = AccentColor;
				CODE_SIGN_STYLE = Automatic;
				CURRENT_PROJECT_VERSION = 1;
				GENERATE_INFOPLIST_FILE = YES;
				INFOPLIST_FILE = Study240116/Info.plist;
				INFOPLIST_KEY_UIApplicationSupportsIndirectInputEvents = YES;
				INFOPLIST_KEY_UILaunchStoryboardName = LaunchScreen;
				INFOPLIST_KEY_UIMainStoryboardFile = Main;
				INFOPLIST_KEY_UISupportedInterfaceOrientations_iPad = "UIInterfaceOrientationPortrait UIInterfaceOrientationPortraitUpsideDown UIInterfaceOrientationLandscapeLeft UIInterfaceOrientationLandscapeRight";
				INFOPLIST_KEY_UISupportedInterfaceOrientations_iPhone = "UIInterfaceOrientationPortrait UIInterfaceOrientationLandscapeLeft UIInterfaceOrientationLandscapeRight";
				LD_RUNPATH_SEARCH_PATHS = (
					"$(inherited)",
					"@executable_path/Frameworks",
				);
				MARKETING_VERSION = 1.0;
				PRODUCT_BUNDLE_IDENTIFIER = com.ssrr.Study240116;
				PRODUCT_NAME = "$(TARGET_NAME)";
				SUPPORTED_PLATFORMS = "iphoneos iphonesimulator";
				SUPPORTS_MACCATALYST = NO;
				SUPPORTS_MAC_DESIGNED_FOR_IPHONE_IPAD = NO;
				SWIFT_EMIT_LOC_STRINGS = YES;
				SWIFT_VERSION = 5.0;
				TARGETED_DEVICE_FAMILY = 1;
			};
			name = Release;
		};
/* End XCBuildConfiguration section */

/* Begin XCConfigurationList section */
		EC2757DF2B5611C10078C1AA /* Build configuration list for PBXProject "Study240116" */ = {
			isa = XCConfigurationList;
			buildConfigurations = (
				EC2757F62B5611C40078C1AA /* Debug */,
				EC2757F72B5611C40078C1AA /* Release */,
			);
			defaultConfigurationIsVisible = 0;
			defaultConfigurationName = Release;
		};
		EC2757F82B5611C40078C1AA /* Build configuration list for PBXNativeTarget "Study240116" */ = {
			isa = XCConfigurationList;
			buildConfigurations = (
				EC2757F92B5611C40078C1AA /* Debug */,
				EC2757FA2B5611C40078C1AA /* Release */,
			);
			defaultConfigurationIsVisible = 0;
			defaultConfigurationName = Release;
		};
/* End XCConfigurationList section */

/* Begin XCRemoteSwiftPackageReference section */
		EC2757FB2B56120C0078C1AA /* XCRemoteSwiftPackageReference "Alamofire" */ = {
			isa = XCRemoteSwiftPackageReference;
			repositoryURL = "https://github.com/Alamofire/Alamofire.git";
			requirement = {
				kind = upToNextMajorVersion;
				minimumVersion = 5.8.1;
			};
		};
/* End XCRemoteSwiftPackageReference section */

/* Begin XCSwiftPackageProductDependency section */
		EC2757FC2B56120C0078C1AA /* Alamofire */ = {
			isa = XCSwiftPackageProductDependency;
			package = EC2757FB2B56120C0078C1AA /* XCRemoteSwiftPackageReference "Alamofire" */;
			productName = Alamofire;
		};
/* End XCSwiftPackageProductDependency section */
	};
	rootObject = EC2757DC2B5611C10078C1AA /* Project object */;
}
